// !$*UTF8*$!
{
	archiveVersion = 1;
	classes = {
	};
	objectVersion = 50;
	objects = {

/* Begin PBXBuildFile section */
		C557C77824114ABC009E7DB4 /* AppDelegate.swift in Sources */ = {isa = PBXBuildFile; fileRef = C557C77724114ABC009E7DB4 /* AppDelegate.swift */; };
		C557C77A24114ABC009E7DB4 /* ViewController.swift in Sources */ = {isa = PBXBuildFile; fileRef = C557C77924114ABC009E7DB4 /* ViewController.swift */; };
		C557C77D24114ABC009E7DB4 /* Main.storyboard in Resources */ = {isa = PBXBuildFile; fileRef = C557C77B24114ABC009E7DB4 /* Main.storyboard */; };
		C557C77F24114ABD009E7DB4 /* Assets.xcassets in Resources */ = {isa = PBXBuildFile; fileRef = C557C77E24114ABD009E7DB4 /* Assets.xcassets */; };
		C557C78224114ABD009E7DB4 /* LaunchScreen.storyboard in Resources */ = {isa = PBXBuildFile; fileRef = C557C78024114ABD009E7DB4 /* LaunchScreen.storyboard */; };
		C557C78D24114ABD009E7DB4 /* TouchTrackerTests.swift in Sources */ = {isa = PBXBuildFile; fileRef = C557C78C24114ABD009E7DB4 /* TouchTrackerTests.swift */; };
		C557C79824114ABD009E7DB4 /* TouchTrackerUITests.swift in Sources */ = {isa = PBXBuildFile; fileRef = C557C79724114ABD009E7DB4 /* TouchTrackerUITests.swift */; };
/* End PBXBuildFile section */

/* Begin PBXContainerItemProxy section */
		C557C78924114ABD009E7DB4 /* PBXContainerItemProxy */ = {
			isa = PBXContainerItemProxy;
			containerPortal = C557C76C24114ABC009E7DB4 /* Project object */;
			proxyType = 1;
			remoteGlobalIDString = C557C77324114ABC009E7DB4;
			remoteInfo = TouchTracker;
		};
		C557C79424114ABD009E7DB4 /* PBXContainerItemProxy */ = {
			isa = PBXContainerItemProxy;
			containerPortal = C557C76C24114ABC009E7DB4 /* Project object */;
			proxyType = 1;
			remoteGlobalIDString = C557C77324114ABC009E7DB4;
			remoteInfo = TouchTracker;
		};
/* End PBXContainerItemProxy section */

/* Begin PBXFileReference section */
		C557C77424114ABC009E7DB4 /* TouchTracker.app */ = {isa = PBXFileReference; explicitFileType = wrapper.application; includeInIndex = 0; path = TouchTracker.app; sourceTree = BUILT_PRODUCTS_DIR; };
		C557C77724114ABC009E7DB4 /* AppDelegate.swift */ = {isa = PBXFileReference; lastKnownFileType = sourcecode.swift; path = AppDelegate.swift; sourceTree = "<group>"; };
		C557C77924114ABC009E7DB4 /* ViewController.swift */ = {isa = PBXFileReference; lastKnownFileType = sourcecode.swift; path = ViewController.swift; sourceTree = "<group>"; };
		C557C77C24114ABC009E7DB4 /* Base */ = {isa = PBXFileReference; lastKnownFileType = file.storyboard; name = Base; path = Base.lproj/Main.storyboard; sourceTree = "<group>"; };
		C557C77E24114ABD009E7DB4 /* Assets.xcassets */ = {isa = PBXFileReference; lastKnownFileType = folder.assetcatalog; path = Assets.xcassets; sourceTree = "<group>"; };
		C557C78124114ABD009E7DB4 /* Base */ = {isa = PBXFileReference; lastKnownFileType = file.storyboard; name = Base; path = Base.lproj/LaunchScreen.storyboard; sourceTree = "<group>"; };
		C557C78324114ABD009E7DB4 /* Info.plist */ = {isa = PBXFileReference; lastKnownFileType = text.plist.xml; path = Info.plist; sourceTree = "<group>"; };
		C557C78824114ABD009E7DB4 /* TouchTrackerTests.xctest */ = {isa = PBXFileReference; explicitFileType = wrapper.cfbundle; includeInIndex = 0; path = TouchTrackerTests.xctest; sourceTree = BUILT_PRODUCTS_DIR; };
		C557C78C24114ABD009E7DB4 /* TouchTrackerTests.swift */ = {isa = PBXFileReference; lastKnownFileType = sourcecode.swift; path = TouchTrackerTests.swift; sourceTree = "<group>"; };
		C557C78E24114ABD009E7DB4 /* Info.plist */ = {isa = PBXFileReference; lastKnownFileType = text.plist.xml; path = Info.plist; sourceTree = "<group>"; };
		C557C79324114ABD009E7DB4 /* TouchTrackerUITests.xctest */ = {isa = PBXFileReference; explicitFileType = wrapper.cfbundle; includeInIndex = 0; path = TouchTrackerUITests.xctest; sourceTree = BUILT_PRODUCTS_DIR; };
		C557C79724114ABD009E7DB4 /* TouchTrackerUITests.swift */ = {isa = PBXFileReference; lastKnownFileType = sourcecode.swift; path = TouchTrackerUITests.swift; sourceTree = "<group>"; };
		C557C79924114ABD009E7DB4 /* Info.plist */ = {isa = PBXFileReference; lastKnownFileType = text.plist.xml; path = Info.plist; sourceTree = "<group>"; };
/* End PBXFileReference section */

/* Begin PBXFrameworksBuildPhase section */
		C557C77124114ABC009E7DB4 /* Frameworks */ = {
			isa = PBXFrameworksBuildPhase;
			buildActionMask = 2147483647;
			files = (
			);
			runOnlyForDeploymentPostprocessing = 0;
		};
		C557C78524114ABD009E7DB4 /* Frameworks */ = {
			isa = PBXFrameworksBuildPhase;
			buildActionMask = 2147483647;
			files = (
			);
			runOnlyForDeploymentPostprocessing = 0;
		};
		C557C79024114ABD009E7DB4 /* Frameworks */ = {
			isa = PBXFrameworksBuildPhase;
			buildActionMask = 2147483647;
			files = (
			);
			runOnlyForDeploymentPostprocessing = 0;
		};
/* End PBXFrameworksBuildPhase section */

/* Begin PBXGroup section */
		C557C76B24114ABC009E7DB4 = {
			isa = PBXGroup;
			children = (
				C557C77624114ABC009E7DB4 /* TouchTracker */,
				C557C78B24114ABD009E7DB4 /* TouchTrackerTests */,
				C557C79624114ABD009E7DB4 /* TouchTrackerUITests */,
				C557C77524114ABC009E7DB4 /* Products */,
			);
			sourceTree = "<group>";
		};
		C557C77524114ABC009E7DB4 /* Products */ = {
			isa = PBXGroup;
			children = (
				C557C77424114ABC009E7DB4 /* TouchTracker.app */,
				C557C78824114ABD009E7DB4 /* TouchTrackerTests.xctest */,
				C557C79324114ABD009E7DB4 /* TouchTrackerUITests.xctest */,
			);
			name = Products;
			sourceTree = "<group>";
		};
		C557C77624114ABC009E7DB4 /* TouchTracker */ = {
			isa = PBXGroup;
			children = (
				C557C77724114ABC009E7DB4 /* AppDelegate.swift */,
				C557C77924114ABC009E7DB4 /* ViewController.swift */,
				C557C77B24114ABC009E7DB4 /* Main.storyboard */,
				C557C77E24114ABD009E7DB4 /* Assets.xcassets */,
				C557C78024114ABD009E7DB4 /* LaunchScreen.storyboard */,
				C557C78324114ABD009E7DB4 /* Info.plist */,
			);
			path = TouchTracker;
			sourceTree = "<group>";
		};
		C557C78B24114ABD009E7DB4 /* TouchTrackerTests */ = {
			isa = PBXGroup;
			children = (
				C557C78C24114ABD009E7DB4 /* TouchTrackerTests.swift */,
				C557C78E24114ABD009E7DB4 /* Info.plist */,
			);
			path = TouchTrackerTests;
			sourceTree = "<group>";
		};
		C557C79624114ABD009E7DB4 /* TouchTrackerUITests */ = {
			isa = PBXGroup;
			children = (
				C557C79724114ABD009E7DB4 /* TouchTrackerUITests.swift */,
				C557C79924114ABD009E7DB4 /* Info.plist */,
			);
			path = TouchTrackerUITests;
			sourceTree = "<group>";
		};
/* End PBXGroup section */

/* Begin PBXNativeTarget section */
		C557C77324114ABC009E7DB4 /* TouchTracker */ = {
			isa = PBXNativeTarget;
			buildConfigurationList = C557C79C24114ABD009E7DB4 /* Build configuration list for PBXNativeTarget "TouchTracker" */;
			buildPhases = (
				C557C77024114ABC009E7DB4 /* Sources */,
				C557C77124114ABC009E7DB4 /* Frameworks */,
				C557C77224114ABC009E7DB4 /* Resources */,
			);
			buildRules = (
			);
			dependencies = (
			);
			name = TouchTracker;
			productName = TouchTracker;
			productReference = C557C77424114ABC009E7DB4 /* TouchTracker.app */;
			productType = "com.apple.product-type.application";
		};
		C557C78724114ABD009E7DB4 /* TouchTrackerTests */ = {
			isa = PBXNativeTarget;
			buildConfigurationList = C557C79F24114ABD009E7DB4 /* Build configuration list for PBXNativeTarget "TouchTrackerTests" */;
			buildPhases = (
				C557C78424114ABD009E7DB4 /* Sources */,
				C557C78524114ABD009E7DB4 /* Frameworks */,
				C557C78624114ABD009E7DB4 /* Resources */,
			);
			buildRules = (
			);
			dependencies = (
				C557C78A24114ABD009E7DB4 /* PBXTargetDependency */,
			);
			name = TouchTrackerTests;
			productName = TouchTrackerTests;
			productReference = C557C78824114ABD009E7DB4 /* TouchTrackerTests.xctest */;
			productType = "com.apple.product-type.bundle.unit-test";
		};
		C557C79224114ABD009E7DB4 /* TouchTrackerUITests */ = {
			isa = PBXNativeTarget;
			buildConfigurationList = C557C7A224114ABD009E7DB4 /* Build configuration list for PBXNativeTarget "TouchTrackerUITests" */;
			buildPhases = (
				C557C78F24114ABD009E7DB4 /* Sources */,
				C557C79024114ABD009E7DB4 /* Frameworks */,
				C557C79124114ABD009E7DB4 /* Resources */,
			);
			buildRules = (
			);
			dependencies = (
				C557C79524114ABD009E7DB4 /* PBXTargetDependency */,
			);
			name = TouchTrackerUITests;
			productName = TouchTrackerUITests;
			productReference = C557C79324114ABD009E7DB4 /* TouchTrackerUITests.xctest */;
			productType = "com.apple.product-type.bundle.ui-testing";
		};
/* End PBXNativeTarget section */

/* Begin PBXProject section */
		C557C76C24114ABC009E7DB4 /* Project object */ = {
			isa = PBXProject;
			attributes = {
				LastSwiftUpdateCheck = 0940;
				LastUpgradeCheck = 0940;
				ORGANIZATIONNAME = "sandeep kaur";
				TargetAttributes = {
					C557C77324114ABC009E7DB4 = {
						CreatedOnToolsVersion = 9.4.1;
					};
					C557C78724114ABD009E7DB4 = {
						CreatedOnToolsVersion = 9.4.1;
						TestTargetID = C557C77324114ABC009E7DB4;
					};
					C557C79224114ABD009E7DB4 = {
						CreatedOnToolsVersion = 9.4.1;
						TestTargetID = C557C77324114ABC009E7DB4;
					};
				};
			};
			buildConfigurationList = C557C76F24114ABC009E7DB4 /* Build configuration list for PBXProject "TouchTracker" */;
			compatibilityVersion = "Xcode 9.3";
			developmentRegion = en;
			hasScannedForEncodings = 0;
			knownRegions = (
				en,
				Base,
			);
			mainGroup = C557C76B24114ABC009E7DB4;
			productRefGroup = C557C77524114ABC009E7DB4 /* Products */;
			projectDirPath = "";
			projectRoot = "";
			targets = (
				C557C77324114ABC009E7DB4 /* TouchTracker */,
				C557C78724114ABD009E7DB4 /* TouchTrackerTests */,
				C557C79224114ABD009E7DB4 /* TouchTrackerUITests */,
			);
		};
/* End PBXProject section */

/* Begin PBXResourcesBuildPhase section */
		C557C77224114ABC009E7DB4 /* Resources */ = {
			isa = PBXResourcesBuildPhase;
			buildActionMask = 2147483647;
			files = (
				C557C78224114ABD009E7DB4 /* LaunchScreen.storyboard in Resources */,
				C557C77F24114ABD009E7DB4 /* Assets.xcassets in Resources */,
				C557C77D24114ABC009E7DB4 /* Main.storyboard in Resources */,
			);
			runOnlyForDeploymentPostprocessing = 0;
		};
		C557C78624114ABD009E7DB4 /* Resources */ = {
			isa = PBXResourcesBuildPhase;
			buildActionMask = 2147483647;
			files = (
			);
			runOnlyForDeploymentPostprocessing = 0;
		};
		C557C79124114ABD009E7DB4 /* Resources */ = {
			isa = PBXResourcesBuildPhase;
			buildActionMask = 2147483647;
			files = (
			);
			runOnlyForDeploymentPostprocessing = 0;
		};
/* End PBXResourcesBuildPhase section */

/* Begin PBXSourcesBuildPhase section */
		C557C77024114ABC009E7DB4 /* Sources */ = {
			isa = PBXSourcesBuildPhase;
			buildActionMask = 2147483647;
			files = (
				C557C77A24114ABC009E7DB4 /* ViewController.swift in Sources */,
				C557C77824114ABC009E7DB4 /* AppDelegate.swift in Sources */,
			);
			runOnlyForDeploymentPostprocessing = 0;
		};
		C557C78424114ABD009E7DB4 /* Sources */ = {
			isa = PBXSourcesBuildPhase;
			buildActionMask = 2147483647;
			files = (
				C557C78D24114ABD009E7DB4 /* TouchTrackerTests.swift in Sources */,
			);
			runOnlyForDeploymentPostprocessing = 0;
		};
		C557C78F24114ABD009E7DB4 /* Sources */ = {
			isa = PBXSourcesBuildPhase;
			buildActionMask = 2147483647;
			files = (
				C557C79824114ABD009E7DB4 /* TouchTrackerUITests.swift in Sources */,
			);
			runOnlyForDeploymentPostprocessing = 0;
		};
/* End PBXSourcesBuildPhase section */

/* Begin PBXTargetDependency section */
		C557C78A24114ABD009E7DB4 /* PBXTargetDependency */ = {
			isa = PBXTargetDependency;
			target = C557C77324114ABC009E7DB4 /* TouchTracker */;
			targetProxy = C557C78924114ABD009E7DB4 /* PBXContainerItemProxy */;
		};
		C557C79524114ABD009E7DB4 /* PBXTargetDependency */ = {
			isa = PBXTargetDependency;
			target = C557C77324114ABC009E7DB4 /* TouchTracker */;
			targetProxy = C557C79424114ABD009E7DB4 /* PBXContainerItemProxy */;
		};
/* End PBXTargetDependency section */

/* Begin PBXVariantGroup section */
		C557C77B24114ABC009E7DB4 /* Main.storyboard */ = {
			isa = PBXVariantGroup;
			children = (
				C557C77C24114ABC009E7DB4 /* Base */,
			);
			name = Main.storyboard;
			sourceTree = "<group>";
		};
		C557C78024114ABD009E7DB4 /* LaunchScreen.storyboard */ = {
			isa = PBXVariantGroup;
			children = (
				C557C78124114ABD009E7DB4 /* Base */,
			);
			name = LaunchScreen.storyboard;
			sourceTree = "<group>";
		};
/* End PBXVariantGroup section */

/* Begin XCBuildConfiguration section */
		C557C79A24114ABD009E7DB4 /* Debug */ = {
			isa = XCBuildConfiguration;
			buildSettings = {
				ALWAYS_SEARCH_USER_PATHS = NO;
				CLANG_ANALYZER_NONNULL = YES;
				CLANG_ANALYZER_NUMBER_OBJECT_CONVERSION = YES_AGGRESSIVE;
				CLANG_CXX_LANGUAGE_STANDARD = "gnu++14";
				CLANG_CXX_LIBRARY = "libc++";
				CLANG_ENABLE_MODULES = YES;
				CLANG_ENABLE_OBJC_ARC = YES;
				CLANG_ENABLE_OBJC_WEAK = YES;
				CLANG_WARN_BLOCK_CAPTURE_AUTORELEASING = YES;
				CLANG_WARN_BOOL_CONVERSION = YES;
				CLANG_WARN_COMMA = YES;
				CLANG_WARN_CONSTANT_CONVERSION = YES;
				CLANG_WARN_DEPRECATED_OBJC_IMPLEMENTATIONS = YES;
				CLANG_WARN_DIRECT_OBJC_ISA_USAGE = YES_ERROR;
				CLANG_WARN_DOCUMENTATION_COMMENTS = YES;
				CLANG_WARN_EMPTY_BODY = YES;
				CLANG_WARN_ENUM_CONVERSION = YES;
				CLANG_WARN_INFINITE_RECURSION = YES;
				CLANG_WARN_INT_CONVERSION = YES;
				CLANG_WARN_NON_LITERAL_NULL_CONVERSION = YES;
				CLANG_WARN_OBJC_IMPLICIT_RETAIN_SELF = YES;
				CLANG_WARN_OBJC_LITERAL_CONVERSION = YES;
				CLANG_WARN_OBJC_ROOT_CLASS = YES_ERROR;
				CLANG_WARN_RANGE_LOOP_ANALYSIS = YES;
				CLANG_WARN_STRICT_PROTOTYPES = YES;
				CLANG_WARN_SUSPICIOUS_MOVE = YES;
				CLANG_WARN_UNGUARDED_AVAILABILITY = YES_AGGRESSIVE;
				CLANG_WARN_UNREACHABLE_CODE = YES;
				CLANG_WARN__DUPLICATE_METHOD_MATCH = YES;
				CODE_SIGN_IDENTITY = "iPhone Developer";
				COPY_PHASE_STRIP = NO;
				DEBUG_INFORMATION_FORMAT = dwarf;
				ENABLE_STRICT_OBJC_MSGSEND = YES;
				ENABLE_TESTABILITY = YES;
				GCC_C_LANGUAGE_STANDARD = gnu11;
				GCC_DYNAMIC_NO_PIC = NO;
				GCC_NO_COMMON_BLOCKS = YES;
				GCC_OPTIMIZATION_LEVEL = 0;
				GCC_PREPROCESSOR_DEFINITIONS = (
					"DEBUG=1",
					"$(inherited)",
				);
				GCC_WARN_64_TO_32_BIT_CONVERSION = YES;
				GCC_WARN_ABOUT_RETURN_TYPE = YES_ERROR;
				GCC_WARN_UNDECLARED_SELECTOR = YES;
				GCC_WARN_UNINITIALIZED_AUTOS = YES_AGGRESSIVE;
				GCC_WARN_UNUSED_FUNCTION = YES;
				GCC_WARN_UNUSED_VARIABLE = YES;
				IPHONEOS_DEPLOYMENT_TARGET = 11.4;
				MTL_ENABLE_DEBUG_INFO = YES;
				ONLY_ACTIVE_ARCH = YES;
				SDKROOT = iphoneos;
				SWIFT_ACTIVE_COMPILATION_CONDITIONS = DEBUG;
				SWIFT_OPTIMIZATION_LEVEL = "-Onone";
			};
			name = Debug;
		};
		C557C79B24114ABD009E7DB4 /* Release */ = {
			isa = XCBuildConfiguration;
			buildSettings = {
				ALWAYS_SEARCH_USER_PATHS = NO;
				CLANG_ANALYZER_NONNULL = YES;
				CLANG_ANALYZER_NUMBER_OBJECT_CONVERSION = YES_AGGRESSIVE;
				CLANG_CXX_LANGUAGE_STANDARD = "gnu++14";
				CLANG_CXX_LIBRARY = "libc++";
				CLANG_ENABLE_MODULES = YES;
				CLANG_ENABLE_OBJC_ARC = YES;
				CLANG_ENABLE_OBJC_WEAK = YES;
				CLANG_WARN_BLOCK_CAPTURE_AUTORELEASING = YES;
				CLANG_WARN_BOOL_CONVERSION = YES;
				CLANG_WARN_COMMA = YES;
				CLANG_WARN_CONSTANT_CONVERSION = YES;
				CLANG_WARN_DEPRECATED_OBJC_IMPLEMENTATIONS = YES;
				CLANG_WARN_DIRECT_OBJC_ISA_USAGE = YES_ERROR;
				CLANG_WARN_DOCUMENTATION_COMMENTS = YES;
				CLANG_WARN_EMPTY_BODY = YES;
				CLANG_WARN_ENUM_CONVERSION = YES;
				CLANG_WARN_INFINITE_RECURSION = YES;
				CLANG_WARN_INT_CONVERSION = YES;
				CLANG_WARN_NON_LITERAL_NULL_CONVERSION = YES;
				CLANG_WARN_OBJC_IMPLICIT_RETAIN_SELF = YES;
				CLANG_WARN_OBJC_LITERAL_CONVERSION = YES;
				CLANG_WARN_OBJC_ROOT_CLASS = YES_ERROR;
				CLANG_WARN_RANGE_LOOP_ANALYSIS = YES;
				CLANG_WARN_STRICT_PROTOTYPES = YES;
				CLANG_WARN_SUSPICIOUS_MOVE = YES;
				CLANG_WARN_UNGUARDED_AVAILABILITY = YES_AGGRESSIVE;
				CLANG_WARN_UNREACHABLE_CODE = YES;
				CLANG_WARN__DUPLICATE_METHOD_MATCH = YES;
				CODE_SIGN_IDENTITY = "iPhone Developer";
				COPY_PHASE_STRIP = NO;
				DEBUG_INFORMATION_FORMAT = "dwarf-with-dsym";
				ENABLE_NS_ASSERTIONS = NO;
				ENABLE_STRICT_OBJC_MSGSEND = YES;
				GCC_C_LANGUAGE_STANDARD = gnu11;
				GCC_NO_COMMON_BLOCKS = YES;
				GCC_WARN_64_TO_32_BIT_CONVERSION = YES;
				GCC_WARN_ABOUT_RETURN_TYPE = YES_ERROR;
				GCC_WARN_UNDECLARED_SELECTOR = YES;
				GCC_WARN_UNINITIALIZED_AUTOS = YES_AGGRESSIVE;
				GCC_WARN_UNUSED_FUNCTION = YES;
				GCC_WARN_UNUSED_VARIABLE = YES;
				IPHONEOS_DEPLOYMENT_TARGET = 11.4;
				MTL_ENABLE_DEBUG_INFO = NO;
				SDKROOT = iphoneos;
				SWIFT_COMPILATION_MODE = wholemodule;
				SWIFT_OPTIMIZATION_LEVEL = "-O";
				VALIDATE_PRODUCT = YES;
			};
			name = Release;
		};
		C557C79D24114ABD009E7DB4 /* Debug */ = {
			isa = XCBuildConfiguration;
			buildSettings = {
				ASSETCATALOG_COMPILER_APPICON_NAME = AppIcon;
				CODE_SIGN_STYLE = Automatic;
				INFOPLIST_FILE = TouchTracker/Info.plist;
				LD_RUNPATH_SEARCH_PATHS = (
					"$(inherited)",
					"@executable_path/Frameworks",
				);
				PRODUCT_BUNDLE_IDENTIFIER = com.soogreyhounds.TouchTracker;
				PRODUCT_NAME = "$(TARGET_NAME)";
				SWIFT_VERSION = 4.0;
				TARGETED_DEVICE_FAMILY = "1,2";
			};
			name = Debug;
		};
		C557C79E24114ABD009E7DB4 /* Release */ = {
			isa = XCBuildConfiguration;
			buildSettings = {
				ASSETCATALOG_COMPILER_APPICON_NAME = AppIcon;
				CODE_SIGN_STYLE = Automatic;
				INFOPLIST_FILE = TouchTracker/Info.plist;
				LD_RUNPATH_SEARCH_PATHS = (
					"$(inherited)",
					"@executable_path/Frameworks",
				);
				PRODUCT_BUNDLE_IDENTIFIER = com.soogreyhounds.TouchTracker;
				PRODUCT_NAME = "$(TARGET_NAME)";
				SWIFT_VERSION = 4.0;
				TARGETED_DEVICE_FAMILY = "1,2";
			};
			name = Release;
		};
		C557C7A024114ABD009E7DB4 /* Debug */ = {
			isa = XCBuildConfiguration;
			buildSettings = {
				ALWAYS_EMBED_SWIFT_STANDARD_LIBRARIES = YES;
				BUNDLE_LOADER = "$(TEST_HOST)";
				CODE_SIGN_STYLE = Automatic;
				INFOPLIST_FILE = TouchTrackerTests/Info.plist;
				LD_RUNPATH_SEARCH_PATHS = (
					"$(inherited)",
					"@executable_path/Frameworks",
					"@loader_path/Frameworks",
				);
				PRODUCT_BUNDLE_IDENTIFIER = com.soogreyhounds.TouchTrackerTests;
				PRODUCT_NAME = "$(TARGET_NAME)";
				SWIFT_VERSION = 4.0;
				TARGETED_DEVICE_FAMILY = "1,2";
				TEST_HOST = "$(BUILT_PRODUCTS_DIR)/TouchTracker.app/TouchTracker";
			};
			name = Debug;
		};
		C557C7A124114ABD009E7DB4 /* Release */ = {
			isa = XCBuildConfiguration;
			buildSettings = {
				ALWAYS_EMBED_SWIFT_STANDARD_LIBRARIES = YES;
				BUNDLE_LOADER = "$(TEST_HOST)";
				CODE_SIGN_STYLE = Automatic;
				INFOPLIST_FILE = TouchTrackerTests/Info.plist;
				LD_RUNPATH_SEARCH_PATHS = (
					"$(inherited)",
					"@executable_path/Frameworks",
					"@loader_path/Frameworks",
				);
				PRODUCT_BUNDLE_IDENTIFIER = com.soogreyhounds.TouchTrackerTests;
				PRODUCT_NAME = "$(TARGET_NAME)";
				SWIFT_VERSION = 4.0;
				TARGETED_DEVICE_FAMILY = "1,2";
				TEST_HOST = "$(BUILT_PRODUCTS_DIR)/TouchTracker.app/TouchTracker";
			};
			name = Release;
		};
		C557C7A324114ABD009E7DB4 /* Debug */ = {
			isa = XCBuildConfiguration;
			buildSettings = {
				ALWAYS_EMBED_SWIFT_STANDARD_LIBRARIES = YES;
				CODE_SIGN_STYLE = Automatic;
				INFOPLIST_FILE = TouchTrackerUITests/Info.plist;
				LD_RUNPATH_SEARCH_PATHS = (
					"$(inherited)",
					"@executable_path/Frameworks",
					"@loader_path/Frameworks",
				);
				PRODUCT_BUNDLE_IDENTIFIER = com.soogreyhounds.TouchTrackerUITests;
				PRODUCT_NAME = "$(TARGET_NAME)";
				SWIFT_VERSION = 4.0;
				TARGETED_DEVICE_FAMILY = "1,2";
				TEST_TARGET_NAME = TouchTracker;
			};
			name = Debug;
		};
		C557C7A424114ABD009E7DB4 /* Release */ = {
			isa = XCBuildConfiguration;
			buildSettings = {
				ALWAYS_EMBED_SWIFT_STANDARD_LIBRARIES = YES;
				CODE_SIGN_STYLE = Automatic;
				INFOPLIST_FILE = TouchTrackerUITests/Info.plist;
				LD_RUNPATH_SEARCH_PATHS = (
					"$(inherited)",
					"@executable_path/Frameworks",
					"@loader_path/Frameworks",
				);
				PRODUCT_BUNDLE_IDENTIFIER = com.soogreyhounds.TouchTrackerUITests;
				PRODUCT_NAME = "$(TARGET_NAME)";
				SWIFT_VERSION = 4.0;
				TARGETED_DEVICE_FAMILY = "1,2";
				TEST_TARGET_NAME = TouchTracker;
			};
			name = Release;
		};
/* End XCBuildConfiguration section */

/* Begin XCConfigurationList section */
		C557C76F24114ABC009E7DB4 /* Build configuration list for PBXProject "TouchTracker" */ = {
			isa = XCConfigurationList;
			buildConfigurations = (
				C557C79A24114ABD009E7DB4 /* Debug */,
				C557C79B24114ABD009E7DB4 /* Release */,
			);
			defaultConfigurationIsVisible = 0;
			defaultConfigurationName = Release;
		};
		C557C79C24114ABD009E7DB4 /* Build configuration list for PBXNativeTarget "TouchTracker" */ = {
			isa = XCConfigurationList;
			buildConfigurations = (
				C557C79D24114ABD009E7DB4 /* Debug */,
				C557C79E24114ABD009E7DB4 /* Release */,
			);
			defaultConfigurationIsVisible = 0;
			defaultConfigurationName = Release;
		};
		C557C79F24114ABD009E7DB4 /* Build configuration list for PBXNativeTarget "TouchTrackerTests" */ = {
			isa = XCConfigurationList;
			buildConfigurations = (
				C557C7A024114ABD009E7DB4 /* Debug */,
				C557C7A124114ABD009E7DB4 /* Release */,
			);
			defaultConfigurationIsVisible = 0;
			defaultConfigurationName = Release;
		};
		C557C7A224114ABD009E7DB4 /* Build configuration list for PBXNativeTarget "TouchTrackerUITests" */ = {
			isa = XCConfigurationList;
			buildConfigurations = (
				C557C7A324114ABD009E7DB4 /* Debug */,
				C557C7A424114ABD009E7DB4 /* Release */,
			);
			defaultConfigurationIsVisible = 0;
			defaultConfigurationName = Release;
		};
/* End XCConfigurationList section */
	};
	rootObject = C557C76C24114ABC009E7DB4 /* Project object */;
}
